// !$*UTF8*$!
{
	archiveVersion = 1;
	classes = {
	};
	objectVersion = 46;
	objects = {

/* Begin PBXBuildFile section */
		00076E6118679AAE00287EF9 /* Background_Grass2.png in Resources */ = {isa = PBXBuildFile; fileRef = 00076E6018679AAE00287EF9 /* Background_Grass2.png */; };
		00076E64186F798200287EF9 /* LRColor.m in Sources */ = {isa = PBXBuildFile; fileRef = 00076E63186F798200287EF9 /* LRColor.m */; };
		00076E67186F819000287EF9 /* LRFont.m in Sources */ = {isa = PBXBuildFile; fileRef = 00076E66186F819000287EF9 /* LRFont.m */; };
		0007FB3C180C79B600E55B0D /* LRFallingEnvelope.m in Sources */ = {isa = PBXBuildFile; fileRef = 0007FB3B180C79B600E55B0D /* LRFallingEnvelope.m */; };
		0007FB3F180C7A1A00E55B0D /* LRSectionBlock.m in Sources */ = {isa = PBXBuildFile; fileRef = 0007FB3E180C7A1A00E55B0D /* LRSectionBlock.m */; };
		000BC14F181C6B4600BEC563 /* Background_Mountains.png in Resources */ = {isa = PBXBuildFile; fileRef = 000BC14B181C6B4600BEC563 /* Background_Mountains.png */; };
		000BC150181C6B4600BEC563 /* Background_Hills.png in Resources */ = {isa = PBXBuildFile; fileRef = 000BC14C181C6B4600BEC563 /* Background_Hills.png */; };
		000BC154181C705D00BEC563 /* LRParallaxNode.m in Sources */ = {isa = PBXBuildFile; fileRef = 000BC153181C705D00BEC563 /* LRParallaxNode.m */; };
		000BC15A1820351900BEC563 /* Background_Grass.png in Resources */ = {isa = PBXBuildFile; fileRef = 000BC1581820351800BEC563 /* Background_Grass.png */; };
		000BC15D1820356500BEC563 /* LRCloudLayer.m in Sources */ = {isa = PBXBuildFile; fileRef = 000BC15C1820356500BEC563 /* LRCloudLayer.m */; };
		000BC16018203F2A00BEC563 /* LRGrassLayer.m in Sources */ = {isa = PBXBuildFile; fileRef = 000BC15F18203F2A00BEC563 /* LRGrassLayer.m */; };
		000BC163182044DA00BEC563 /* LRParallaxManager.m in Sources */ = {isa = PBXBuildFile; fileRef = 000BC162182044DA00BEC563 /* LRParallaxManager.m */; };
		0020001E18245B3E005DDD46 /* LRCollisionManager+ContactFunctions.m in Sources */ = {isa = PBXBuildFile; fileRef = 0020001D18245B3E005DDD46 /* LRCollisionManager+ContactFunctions.m */; };
		003C2670180F46C6003729D4 /* organizedDict.txt in Resources */ = {isa = PBXBuildFile; fileRef = 003C266F180F46C6003729D4 /* organizedDict.txt */; };
		003E577E180E0D5D00B37B68 /* LRDifficultyManager.m in Sources */ = {isa = PBXBuildFile; fileRef = 003E577D180E0D5D00B37B68 /* LRDifficultyManager.m */; };
		0049695117F8A12B00176F2D /* LRLetterBlock.m in Sources */ = {isa = PBXBuildFile; fileRef = 0049695017F8A12B00176F2D /* LRLetterBlock.m */; };
		0049695517F8A75B00176F2D /* LRLetterBlockGenerator.m in Sources */ = {isa = PBXBuildFile; fileRef = 0049695417F8A75B00176F2D /* LRLetterBlockGenerator.m */; };
		0049695917F8AB5D00176F2D /* LRCollisionManager.m in Sources */ = {isa = PBXBuildFile; fileRef = 0049695817F8AB5D00176F2D /* LRCollisionManager.m */; };
		0049695F17F8B5B900176F2D /* LRLetterSlot.m in Sources */ = {isa = PBXBuildFile; fileRef = 0049695E17F8B5B900176F2D /* LRLetterSlot.m */; };
		0049696517FA0CB400176F2D /* LRObject.m in Sources */ = {isa = PBXBuildFile; fileRef = 0049696417FA0CB400176F2D /* LRObject.m */; };
		0055EC871826F21C00717DF7 /* LRMailman.m in Sources */ = {isa = PBXBuildFile; fileRef = 0055EC861826F21C00717DF7 /* LRMailman.m */; };
		00641EA9182C42D30098EC38 /* LRDevPauseMenuVC.m in Sources */ = {isa = PBXBuildFile; fileRef = 00641EA7182C42D30098EC38 /* LRDevPauseMenuVC.m */; };
		00641EAA182C42D30098EC38 /* LRDevPauseMenuVC.xib in Resources */ = {isa = PBXBuildFile; fileRef = 00641EA8182C42D30098EC38 /* LRDevPauseMenuVC.xib */; };
		00641EB3182D7BFF0098EC38 /* LRSliderLabelView.m in Sources */ = {isa = PBXBuildFile; fileRef = 00641EB2182D7BFF0098EC38 /* LRSliderLabelView.m */; };
		008428F01800997800908E5D /* LetterProbabilities.plist in Resources */ = {isa = PBXBuildFile; fileRef = 008428EF1800997800908E5D /* LetterProbabilities.plist */; };
		008428F318009F6300908E5D /* LRLetterGenerator.m in Sources */ = {isa = PBXBuildFile; fileRef = 008428F218009F6300908E5D /* LRLetterGenerator.m */; };
		008428F61801EABB00908E5D /* LRSubmitButton.m in Sources */ = {isa = PBXBuildFile; fileRef = 008428F51801EABB00908E5D /* LRSubmitButton.m */; };
		008428F91801F46C00908E5D /* LRScoreManager.m in Sources */ = {isa = PBXBuildFile; fileRef = 008428F81801F46C00908E5D /* LRScoreManager.m */; };
		00861283183819BF00C42AE0 /* Envelope_Love.png in Resources */ = {isa = PBXBuildFile; fileRef = 00861282183819BF00C42AE0 /* Envelope_Love.png */; };
		00861287183AD4D700C42AE0 /* Manford_Cover.png in Resources */ = {isa = PBXBuildFile; fileRef = 00861286183AD4D700C42AE0 /* Manford_Cover.png */; };
		009B7279182991CB00A6CEA0 /* Envelope_Normal.png in Resources */ = {isa = PBXBuildFile; fileRef = 009B7276182991CB00A6CEA0 /* Envelope_Normal.png */; };
		009B727A182991CB00A6CEA0 /* Manford.png in Resources */ = {isa = PBXBuildFile; fileRef = 009B7277182991CB00A6CEA0 /* Manford.png */; };
		009B727B182991CB00A6CEA0 /* Background_Cloud.png in Resources */ = {isa = PBXBuildFile; fileRef = 009B7278182991CB00A6CEA0 /* Background_Cloud.png */; };
		009CC29E180349E700C0423D /* LRDictionaryChecker.m in Sources */ = {isa = PBXBuildFile; fileRef = 009CC29D180349E700C0423D /* LRDictionaryChecker.m */; };
		00AC2804182EDAC100B3C0EB /* DifficultyVariables.plist in Resources */ = {isa = PBXBuildFile; fileRef = 00AC2803182EDAC100B3C0EB /* DifficultyVariables.plist */; };
		00AC2807182EE1A300B3C0EB /* LRDifficultyManager+Notifications.m in Sources */ = {isa = PBXBuildFile; fileRef = 00AC2806182EE1A300B3C0EB /* LRDifficultyManager+Notifications.m */; };
		00AC280E182EEAD400B3C0EB /* Pause_Selected.png in Resources */ = {isa = PBXBuildFile; fileRef = 00AC280C182EEAD400B3C0EB /* Pause_Selected.png */; };
		00AC280F182EEAD400B3C0EB /* Pause_Unselected.png in Resources */ = {isa = PBXBuildFile; fileRef = 00AC280D182EEAD400B3C0EB /* Pause_Unselected.png */; };
		00AC28181830415E00B3C0EB /* LRIncreaseStyleSelector.m in Sources */ = {isa = PBXBuildFile; fileRef = 00AC28171830415E00B3C0EB /* LRIncreaseStyleSelector.m */; };
		00AC281C183178B800B3C0EB /* LRStatsPageViewController.m in Sources */ = {isa = PBXBuildFile; fileRef = 00AC281A183178B800B3C0EB /* LRStatsPageViewController.m */; };
		00AC281D183178B800B3C0EB /* LRStatsPageViewController.xib in Resources */ = {isa = PBXBuildFile; fileRef = 00AC281B183178B800B3C0EB /* LRStatsPageViewController.xib */; };
		00AC282018317F7A00B3C0EB /* LRDevPauseSubView.m in Sources */ = {isa = PBXBuildFile; fileRef = 00AC281F18317F7A00B3C0EB /* LRDevPauseSubView.m */; };
		00B43D92182834CF00261468 /* LRButton.m in Sources */ = {isa = PBXBuildFile; fileRef = 00B43D91182834CF00261468 /* LRButton.m */; };
		00CDF13717F474EC003065F6 /* Foundation.framework in Frameworks */ = {isa = PBXBuildFile; fileRef = 00CDF13617F474EC003065F6 /* Foundation.framework */; };
		00CDF13917F474EC003065F6 /* CoreGraphics.framework in Frameworks */ = {isa = PBXBuildFile; fileRef = 00CDF13817F474EC003065F6 /* CoreGraphics.framework */; };
		00CDF13B17F474EC003065F6 /* UIKit.framework in Frameworks */ = {isa = PBXBuildFile; fileRef = 00CDF13A17F474EC003065F6 /* UIKit.framework */; };
		00CDF13D17F474EC003065F6 /* SpriteKit.framework in Frameworks */ = {isa = PBXBuildFile; fileRef = 00CDF13C17F474EC003065F6 /* SpriteKit.framework */; };
		00CDF14317F474EC003065F6 /* InfoPlist.strings in Resources */ = {isa = PBXBuildFile; fileRef = 00CDF14117F474EC003065F6 /* InfoPlist.strings */; };
		00CDF14517F474EC003065F6 /* main.m in Sources */ = {isa = PBXBuildFile; fileRef = 00CDF14417F474EC003065F6 /* main.m */; };
		00CDF14917F474EC003065F6 /* LRAppDelegate.m in Sources */ = {isa = PBXBuildFile; fileRef = 00CDF14817F474EC003065F6 /* LRAppDelegate.m */; };
		00CDF14C17F474EC003065F6 /* Main.storyboard in Resources */ = {isa = PBXBuildFile; fileRef = 00CDF14A17F474EC003065F6 /* Main.storyboard */; };
		00CDF14F17F474EC003065F6 /* LRViewController.m in Sources */ = {isa = PBXBuildFile; fileRef = 00CDF14E17F474EC003065F6 /* LRViewController.m */; };
		00CDF15617F474EC003065F6 /* Images.xcassets in Resources */ = {isa = PBXBuildFile; fileRef = 00CDF15517F474EC003065F6 /* Images.xcassets */; };
		00CDF15D17F474EC003065F6 /* XCTest.framework in Frameworks */ = {isa = PBXBuildFile; fileRef = 00CDF15C17F474EC003065F6 /* XCTest.framework */; };
		00CDF15E17F474EC003065F6 /* Foundation.framework in Frameworks */ = {isa = PBXBuildFile; fileRef = 00CDF13617F474EC003065F6 /* Foundation.framework */; };
		00CDF15F17F474EC003065F6 /* UIKit.framework in Frameworks */ = {isa = PBXBuildFile; fileRef = 00CDF13A17F474EC003065F6 /* UIKit.framework */; };
		00CDF16717F474EC003065F6 /* InfoPlist.strings in Resources */ = {isa = PBXBuildFile; fileRef = 00CDF16517F474EC003065F6 /* InfoPlist.strings */; };
		00CDF16917F474EC003065F6 /* Letter_GoTests.m in Sources */ = {isa = PBXBuildFile; fileRef = 00CDF16817F474EC003065F6 /* Letter_GoTests.m */; };
		00CDF17517F478A1003065F6 /* LRGameScene.m in Sources */ = {isa = PBXBuildFile; fileRef = 00CDF17417F478A1003065F6 /* LRGameScene.m */; };
		00CDF17917F478D7003065F6 /* LRLayer.m in Sources */ = {isa = PBXBuildFile; fileRef = 00CDF17817F478D7003065F6 /* LRLayer.m */; };
		00CDF17F17F4799B003065F6 /* LRBackgroundLayer.m in Sources */ = {isa = PBXBuildFile; fileRef = 00CDF17D17F4799B003065F6 /* LRBackgroundLayer.m */; };
		00CDF18217F48310003065F6 /* LRGamePlayLayer.m in Sources */ = {isa = PBXBuildFile; fileRef = 00CDF18117F48310003065F6 /* LRGamePlayLayer.m */; };
		00CDF18617F483E3003065F6 /* LRScreenSection.m in Sources */ = {isa = PBXBuildFile; fileRef = 00CDF18517F483E3003065F6 /* LRScreenSection.m */; };
		00CDF18917F4840F003065F6 /* LRHealthSection.m in Sources */ = {isa = PBXBuildFile; fileRef = 00CDF18817F4840F003065F6 /* LRHealthSection.m */; };
		00CDF18C17F4899B003065F6 /* LRLetterSection.m in Sources */ = {isa = PBXBuildFile; fileRef = 00CDF18B17F4899B003065F6 /* LRLetterSection.m */; };
		00F6F59717FF5234009EDADB /* LRGameStateManager.m in Sources */ = {isa = PBXBuildFile; fileRef = 00F6F59617FF5234009EDADB /* LRGameStateManager.m */; };
		A82CA94C1855189F004ADD99 /* LRFallingEnvelopeSlotManager.m in Sources */ = {isa = PBXBuildFile; fileRef = A82CA94B1855189F004ADD99 /* LRFallingEnvelopeSlotManager.m */; };
		A846FB8B186E0489009DCEF4 /* LRLetterBlock_Test.m in Sources */ = {isa = PBXBuildFile; fileRef = A846FB8A186E0489009DCEF4 /* LRLetterBlock_Test.m */; };
		A877E5B9185BF8C30028CFFA /* XCTest.framework in Frameworks */ = {isa = PBXBuildFile; fileRef = 00CDF15C17F474EC003065F6 /* XCTest.framework */; };
		A877E5BA185BF8C30028CFFA /* Foundation.framework in Frameworks */ = {isa = PBXBuildFile; fileRef = 00CDF13617F474EC003065F6 /* Foundation.framework */; };
		A877E5BB185BF8C30028CFFA /* UIKit.framework in Frameworks */ = {isa = PBXBuildFile; fileRef = 00CDF13A17F474EC003065F6 /* UIKit.framework */; };
		A877E5C1185BF8C30028CFFA /* InfoPlist.strings in Resources */ = {isa = PBXBuildFile; fileRef = A877E5BF185BF8C30028CFFA /* InfoPlist.strings */; };
		A877E5CD185BFA960028CFFA /* LRLetterGenerator_Test.m in Sources */ = {isa = PBXBuildFile; fileRef = A877E5CC185BFA960028CFFA /* LRLetterGenerator_Test.m */; };
		A87BDD981853AC8D00845BB5 /* LRCurveBuilder.m in Sources */ = {isa = PBXBuildFile; fileRef = A87BDD971853AC8D00845BB5 /* LRCurveBuilder.m */; };
		A87BDD9B1853AFDC00845BB5 /* LRBezierPath.m in Sources */ = {isa = PBXBuildFile; fileRef = A87BDD9A1853AFDC00845BB5 /* LRBezierPath.m */; };
		A8BBFFE4185E26590055A3FD /* Background_Hills2.png in Resources */ = {isa = PBXBuildFile; fileRef = A8BBFFE0185E26590055A3FD /* Background_Hills2.png */; };
		A8BBFFE5185E26590055A3FD /* Background_Mountains2.png in Resources */ = {isa = PBXBuildFile; fileRef = A8BBFFE1185E26590055A3FD /* Background_Mountains2.png */; };
		A8BBFFE6185E26590055A3FD /* Background_Sky2.png in Resources */ = {isa = PBXBuildFile; fileRef = A8BBFFE2185E26590055A3FD /* Background_Sky2.png */; };
		A8E60A131881E25F00F60DF4 /* LRCappedStack.m in Sources */ = {isa = PBXBuildFile; fileRef = A8E60A121881E25F00F60DF4 /* LRCappedStack.m */; };
		A8E60A161881F6E300F60DF4 /* LRFallingEnvelopeSlotManager_Test.m in Sources */ = {isa = PBXBuildFile; fileRef = A8E60A151881F6E300F60DF4 /* LRFallingEnvelopeSlotManager_Test.m */; };
/* End PBXBuildFile section */

/* Begin PBXContainerItemProxy section */
		00CDF16017F474EC003065F6 /* PBXContainerItemProxy */ = {
			isa = PBXContainerItemProxy;
			containerPortal = 00CDF12B17F474EC003065F6 /* Project object */;
			proxyType = 1;
			remoteGlobalIDString = 00CDF13217F474EC003065F6;
			remoteInfo = "Letter Go";
		};
		A877E5C5185BF8C30028CFFA /* PBXContainerItemProxy */ = {
			isa = PBXContainerItemProxy;
			containerPortal = 00CDF12B17F474EC003065F6 /* Project object */;
			proxyType = 1;
			remoteGlobalIDString = 00CDF13217F474EC003065F6;
			remoteInfo = "Letter Go";
		};
/* End PBXContainerItemProxy section */

/* Begin PBXFileReference section */
		00076E6018679AAE00287EF9 /* Background_Grass2.png */ = {isa = PBXFileReference; lastKnownFileType = image.png; path = Background_Grass2.png; sourceTree = "<group>"; };
		00076E62186F798200287EF9 /* LRColor.h */ = {isa = PBXFileReference; fileEncoding = 4; lastKnownFileType = sourcecode.c.h; path = LRColor.h; sourceTree = "<group>"; };
		00076E63186F798200287EF9 /* LRColor.m */ = {isa = PBXFileReference; fileEncoding = 4; lastKnownFileType = sourcecode.c.objc; path = LRColor.m; sourceTree = "<group>"; };
		00076E65186F819000287EF9 /* LRFont.h */ = {isa = PBXFileReference; fileEncoding = 4; lastKnownFileType = sourcecode.c.h; path = LRFont.h; sourceTree = "<group>"; };
		00076E66186F819000287EF9 /* LRFont.m */ = {isa = PBXFileReference; fileEncoding = 4; lastKnownFileType = sourcecode.c.objc; path = LRFont.m; sourceTree = "<group>"; };
		0007FB3A180C79B600E55B0D /* LRFallingEnvelope.h */ = {isa = PBXFileReference; fileEncoding = 4; lastKnownFileType = sourcecode.c.h; path = LRFallingEnvelope.h; sourceTree = "<group>"; };
		0007FB3B180C79B600E55B0D /* LRFallingEnvelope.m */ = {isa = PBXFileReference; fileEncoding = 4; lastKnownFileType = sourcecode.c.objc; path = LRFallingEnvelope.m; sourceTree = "<group>"; };
		0007FB3D180C7A1A00E55B0D /* LRSectionBlock.h */ = {isa = PBXFileReference; fileEncoding = 4; lastKnownFileType = sourcecode.c.h; path = LRSectionBlock.h; sourceTree = "<group>"; };
		0007FB3E180C7A1A00E55B0D /* LRSectionBlock.m */ = {isa = PBXFileReference; fileEncoding = 4; lastKnownFileType = sourcecode.c.objc; path = LRSectionBlock.m; sourceTree = "<group>"; };
		000BC14B181C6B4600BEC563 /* Background_Mountains.png */ = {isa = PBXFileReference; lastKnownFileType = image.png; path = Background_Mountains.png; sourceTree = "<group>"; };
		000BC14C181C6B4600BEC563 /* Background_Hills.png */ = {isa = PBXFileReference; lastKnownFileType = image.png; path = Background_Hills.png; sourceTree = "<group>"; };
		000BC152181C705D00BEC563 /* LRParallaxNode.h */ = {isa = PBXFileReference; fileEncoding = 4; lastKnownFileType = sourcecode.c.h; path = LRParallaxNode.h; sourceTree = "<group>"; };
		000BC153181C705D00BEC563 /* LRParallaxNode.m */ = {isa = PBXFileReference; fileEncoding = 4; lastKnownFileType = sourcecode.c.objc; path = LRParallaxNode.m; sourceTree = "<group>"; };
		000BC1581820351800BEC563 /* Background_Grass.png */ = {isa = PBXFileReference; lastKnownFileType = image.png; path = Background_Grass.png; sourceTree = "<group>"; };
		000BC15B1820356500BEC563 /* LRCloudLayer.h */ = {isa = PBXFileReference; fileEncoding = 4; lastKnownFileType = sourcecode.c.h; path = LRCloudLayer.h; sourceTree = "<group>"; };
		000BC15C1820356500BEC563 /* LRCloudLayer.m */ = {isa = PBXFileReference; fileEncoding = 4; lastKnownFileType = sourcecode.c.objc; path = LRCloudLayer.m; sourceTree = "<group>"; };
		000BC15E18203F2A00BEC563 /* LRGrassLayer.h */ = {isa = PBXFileReference; fileEncoding = 4; lastKnownFileType = sourcecode.c.h; path = LRGrassLayer.h; sourceTree = "<group>"; };
		000BC15F18203F2A00BEC563 /* LRGrassLayer.m */ = {isa = PBXFileReference; fileEncoding = 4; lastKnownFileType = sourcecode.c.objc; path = LRGrassLayer.m; sourceTree = "<group>"; };
		000BC161182044DA00BEC563 /* LRParallaxManager.h */ = {isa = PBXFileReference; fileEncoding = 4; lastKnownFileType = sourcecode.c.h; path = LRParallaxManager.h; sourceTree = "<group>"; };
		000BC162182044DA00BEC563 /* LRParallaxManager.m */ = {isa = PBXFileReference; fileEncoding = 4; lastKnownFileType = sourcecode.c.objc; path = LRParallaxManager.m; sourceTree = "<group>"; };
		0020001C18245B3E005DDD46 /* LRCollisionManager+ContactFunctions.h */ = {isa = PBXFileReference; fileEncoding = 4; lastKnownFileType = sourcecode.c.h; path = "LRCollisionManager+ContactFunctions.h"; sourceTree = "<group>"; };
		0020001D18245B3E005DDD46 /* LRCollisionManager+ContactFunctions.m */ = {isa = PBXFileReference; fileEncoding = 4; lastKnownFileType = sourcecode.c.objc; path = "LRCollisionManager+ContactFunctions.m"; sourceTree = "<group>"; };
		003C266F180F46C6003729D4 /* organizedDict.txt */ = {isa = PBXFileReference; fileEncoding = 4; lastKnownFileType = text; name = organizedDict.txt; path = ../Dictionary/organizedDict.txt; sourceTree = "<group>"; };
		003E577C180E0D5D00B37B68 /* LRDifficultyManager.h */ = {isa = PBXFileReference; fileEncoding = 4; lastKnownFileType = sourcecode.c.h; path = LRDifficultyManager.h; sourceTree = "<group>"; };
		003E577D180E0D5D00B37B68 /* LRDifficultyManager.m */ = {isa = PBXFileReference; fileEncoding = 4; lastKnownFileType = sourcecode.c.objc; path = LRDifficultyManager.m; sourceTree = "<group>"; };
		0049694F17F8A12B00176F2D /* LRLetterBlock.h */ = {isa = PBXFileReference; fileEncoding = 4; lastKnownFileType = sourcecode.c.h; path = LRLetterBlock.h; sourceTree = "<group>"; };
		0049695017F8A12B00176F2D /* LRLetterBlock.m */ = {isa = PBXFileReference; fileEncoding = 4; lastKnownFileType = sourcecode.c.objc; path = LRLetterBlock.m; sourceTree = "<group>"; };
		0049695317F8A75B00176F2D /* LRLetterBlockGenerator.h */ = {isa = PBXFileReference; fileEncoding = 4; lastKnownFileType = sourcecode.c.h; path = LRLetterBlockGenerator.h; sourceTree = "<group>"; };
		0049695417F8A75B00176F2D /* LRLetterBlockGenerator.m */ = {isa = PBXFileReference; fileEncoding = 4; lastKnownFileType = sourcecode.c.objc; path = LRLetterBlockGenerator.m; sourceTree = "<group>"; };
		0049695717F8AB5D00176F2D /* LRCollisionManager.h */ = {isa = PBXFileReference; fileEncoding = 4; lastKnownFileType = sourcecode.c.h; path = LRCollisionManager.h; sourceTree = "<group>"; };
		0049695817F8AB5D00176F2D /* LRCollisionManager.m */ = {isa = PBXFileReference; fileEncoding = 4; lastKnownFileType = sourcecode.c.objc; path = LRCollisionManager.m; sourceTree = "<group>"; };
		0049695B17F8AC6400176F2D /* LRConstants.h */ = {isa = PBXFileReference; lastKnownFileType = sourcecode.c.h; path = LRConstants.h; sourceTree = "<group>"; };
		0049695D17F8B5B900176F2D /* LRLetterSlot.h */ = {isa = PBXFileReference; fileEncoding = 4; lastKnownFileType = sourcecode.c.h; path = LRLetterSlot.h; sourceTree = "<group>"; };
		0049695E17F8B5B900176F2D /* LRLetterSlot.m */ = {isa = PBXFileReference; fileEncoding = 4; lastKnownFileType = sourcecode.c.objc; path = LRLetterSlot.m; sourceTree = "<group>"; };
		0049696317FA0CB400176F2D /* LRObject.h */ = {isa = PBXFileReference; fileEncoding = 4; lastKnownFileType = sourcecode.c.h; path = LRObject.h; sourceTree = "<group>"; };
		0049696417FA0CB400176F2D /* LRObject.m */ = {isa = PBXFileReference; fileEncoding = 4; lastKnownFileType = sourcecode.c.objc; path = LRObject.m; sourceTree = "<group>"; };
		0055EC851826F21C00717DF7 /* LRMailman.h */ = {isa = PBXFileReference; fileEncoding = 4; lastKnownFileType = sourcecode.c.h; path = LRMailman.h; sourceTree = "<group>"; };
		0055EC861826F21C00717DF7 /* LRMailman.m */ = {isa = PBXFileReference; fileEncoding = 4; lastKnownFileType = sourcecode.c.objc; path = LRMailman.m; sourceTree = "<group>"; };
		00641EA6182C42D30098EC38 /* LRDevPauseMenuVC.h */ = {isa = PBXFileReference; fileEncoding = 4; lastKnownFileType = sourcecode.c.h; path = LRDevPauseMenuVC.h; sourceTree = "<group>"; };
		00641EA7182C42D30098EC38 /* LRDevPauseMenuVC.m */ = {isa = PBXFileReference; fileEncoding = 4; lastKnownFileType = sourcecode.c.objc; path = LRDevPauseMenuVC.m; sourceTree = "<group>"; };
		00641EA8182C42D30098EC38 /* LRDevPauseMenuVC.xib */ = {isa = PBXFileReference; fileEncoding = 4; lastKnownFileType = file.xib; path = LRDevPauseMenuVC.xib; sourceTree = "<group>"; };
		00641EB1182D7BFF0098EC38 /* LRSliderLabelView.h */ = {isa = PBXFileReference; fileEncoding = 4; lastKnownFileType = sourcecode.c.h; path = LRSliderLabelView.h; sourceTree = "<group>"; };
		00641EB2182D7BFF0098EC38 /* LRSliderLabelView.m */ = {isa = PBXFileReference; fileEncoding = 4; lastKnownFileType = sourcecode.c.objc; path = LRSliderLabelView.m; sourceTree = "<group>"; };
		008428EF1800997800908E5D /* LetterProbabilities.plist */ = {isa = PBXFileReference; fileEncoding = 4; lastKnownFileType = text.plist.xml; path = LetterProbabilities.plist; sourceTree = "<group>"; };
		008428F118009F6300908E5D /* LRLetterGenerator.h */ = {isa = PBXFileReference; fileEncoding = 4; lastKnownFileType = sourcecode.c.h; path = LRLetterGenerator.h; sourceTree = "<group>"; };
		008428F218009F6300908E5D /* LRLetterGenerator.m */ = {isa = PBXFileReference; fileEncoding = 4; lastKnownFileType = sourcecode.c.objc; path = LRLetterGenerator.m; sourceTree = "<group>"; };
		008428F41801EABB00908E5D /* LRSubmitButton.h */ = {isa = PBXFileReference; fileEncoding = 4; lastKnownFileType = sourcecode.c.h; path = LRSubmitButton.h; sourceTree = "<group>"; };
		008428F51801EABB00908E5D /* LRSubmitButton.m */ = {isa = PBXFileReference; fileEncoding = 4; lastKnownFileType = sourcecode.c.objc; path = LRSubmitButton.m; sourceTree = "<group>"; };
		008428F71801F46C00908E5D /* LRScoreManager.h */ = {isa = PBXFileReference; fileEncoding = 4; lastKnownFileType = sourcecode.c.h; path = LRScoreManager.h; sourceTree = "<group>"; };
		008428F81801F46C00908E5D /* LRScoreManager.m */ = {isa = PBXFileReference; fileEncoding = 4; lastKnownFileType = sourcecode.c.objc; path = LRScoreManager.m; sourceTree = "<group>"; };
		00861282183819BF00C42AE0 /* Envelope_Love.png */ = {isa = PBXFileReference; lastKnownFileType = image.png; path = Envelope_Love.png; sourceTree = "<group>"; };
		00861286183AD4D700C42AE0 /* Manford_Cover.png */ = {isa = PBXFileReference; lastKnownFileType = image.png; path = Manford_Cover.png; sourceTree = "<group>"; };
		009B7276182991CB00A6CEA0 /* Envelope_Normal.png */ = {isa = PBXFileReference; lastKnownFileType = image.png; path = Envelope_Normal.png; sourceTree = "<group>"; };
		009B7277182991CB00A6CEA0 /* Manford.png */ = {isa = PBXFileReference; lastKnownFileType = image.png; path = Manford.png; sourceTree = "<group>"; };
		009B7278182991CB00A6CEA0 /* Background_Cloud.png */ = {isa = PBXFileReference; lastKnownFileType = image.png; path = Background_Cloud.png; sourceTree = "<group>"; };
		009CC29C180349E700C0423D /* LRDictionaryChecker.h */ = {isa = PBXFileReference; fileEncoding = 4; lastKnownFileType = sourcecode.c.h; path = LRDictionaryChecker.h; sourceTree = "<group>"; };
		009CC29D180349E700C0423D /* LRDictionaryChecker.m */ = {isa = PBXFileReference; fileEncoding = 4; lastKnownFileType = sourcecode.c.objc; path = LRDictionaryChecker.m; sourceTree = "<group>"; };
		00AC2802182ED98800B3C0EB /* LRDifficultyConstants.h */ = {isa = PBXFileReference; lastKnownFileType = sourcecode.c.h; path = LRDifficultyConstants.h; sourceTree = "<group>"; };
		00AC2803182EDAC100B3C0EB /* DifficultyVariables.plist */ = {isa = PBXFileReference; fileEncoding = 4; lastKnownFileType = text.plist.xml; path = DifficultyVariables.plist; sourceTree = "<group>"; };
		00AC2805182EE1A300B3C0EB /* LRDifficultyManager+Notifications.h */ = {isa = PBXFileReference; fileEncoding = 4; lastKnownFileType = sourcecode.c.h; path = "LRDifficultyManager+Notifications.h"; sourceTree = "<group>"; };
		00AC2806182EE1A300B3C0EB /* LRDifficultyManager+Notifications.m */ = {isa = PBXFileReference; fileEncoding = 4; lastKnownFileType = sourcecode.c.objc; path = "LRDifficultyManager+Notifications.m"; sourceTree = "<group>"; };
		00AC280C182EEAD400B3C0EB /* Pause_Selected.png */ = {isa = PBXFileReference; lastKnownFileType = image.png; path = Pause_Selected.png; sourceTree = "<group>"; };
		00AC280D182EEAD400B3C0EB /* Pause_Unselected.png */ = {isa = PBXFileReference; lastKnownFileType = image.png; path = Pause_Unselected.png; sourceTree = "<group>"; };
		00AC28161830415E00B3C0EB /* LRIncreaseStyleSelector.h */ = {isa = PBXFileReference; fileEncoding = 4; lastKnownFileType = sourcecode.c.h; path = LRIncreaseStyleSelector.h; sourceTree = "<group>"; };
		00AC28171830415E00B3C0EB /* LRIncreaseStyleSelector.m */ = {isa = PBXFileReference; fileEncoding = 4; lastKnownFileType = sourcecode.c.objc; path = LRIncreaseStyleSelector.m; sourceTree = "<group>"; };
		00AC2819183178B700B3C0EB /* LRStatsPageViewController.h */ = {isa = PBXFileReference; fileEncoding = 4; lastKnownFileType = sourcecode.c.h; path = LRStatsPageViewController.h; sourceTree = "<group>"; };
		00AC281A183178B800B3C0EB /* LRStatsPageViewController.m */ = {isa = PBXFileReference; fileEncoding = 4; lastKnownFileType = sourcecode.c.objc; path = LRStatsPageViewController.m; sourceTree = "<group>"; };
		00AC281B183178B800B3C0EB /* LRStatsPageViewController.xib */ = {isa = PBXFileReference; fileEncoding = 4; lastKnownFileType = file.xib; path = LRStatsPageViewController.xib; sourceTree = "<group>"; };
		00AC281E18317F7A00B3C0EB /* LRDevPauseSubView.h */ = {isa = PBXFileReference; fileEncoding = 4; lastKnownFileType = sourcecode.c.h; path = LRDevPauseSubView.h; sourceTree = "<group>"; };
		00AC281F18317F7A00B3C0EB /* LRDevPauseSubView.m */ = {isa = PBXFileReference; fileEncoding = 4; lastKnownFileType = sourcecode.c.objc; path = LRDevPauseSubView.m; sourceTree = "<group>"; };
		00B43D90182834CF00261468 /* LRButton.h */ = {isa = PBXFileReference; fileEncoding = 4; lastKnownFileType = sourcecode.c.h; path = LRButton.h; sourceTree = "<group>"; };
		00B43D91182834CF00261468 /* LRButton.m */ = {isa = PBXFileReference; fileEncoding = 4; lastKnownFileType = sourcecode.c.objc; path = LRButton.m; sourceTree = "<group>"; };
		00CDF13317F474EC003065F6 /* Letter Go.app */ = {isa = PBXFileReference; explicitFileType = wrapper.application; includeInIndex = 0; path = "Letter Go.app"; sourceTree = BUILT_PRODUCTS_DIR; };
		00CDF13617F474EC003065F6 /* Foundation.framework */ = {isa = PBXFileReference; lastKnownFileType = wrapper.framework; name = Foundation.framework; path = System/Library/Frameworks/Foundation.framework; sourceTree = SDKROOT; };
		00CDF13817F474EC003065F6 /* CoreGraphics.framework */ = {isa = PBXFileReference; lastKnownFileType = wrapper.framework; name = CoreGraphics.framework; path = System/Library/Frameworks/CoreGraphics.framework; sourceTree = SDKROOT; };
		00CDF13A17F474EC003065F6 /* UIKit.framework */ = {isa = PBXFileReference; lastKnownFileType = wrapper.framework; name = UIKit.framework; path = System/Library/Frameworks/UIKit.framework; sourceTree = SDKROOT; };
		00CDF13C17F474EC003065F6 /* SpriteKit.framework */ = {isa = PBXFileReference; lastKnownFileType = wrapper.framework; name = SpriteKit.framework; path = System/Library/Frameworks/SpriteKit.framework; sourceTree = SDKROOT; };
		00CDF14017F474EC003065F6 /* Letter Go-Info.plist */ = {isa = PBXFileReference; lastKnownFileType = text.plist.xml; path = "Letter Go-Info.plist"; sourceTree = "<group>"; };
		00CDF14217F474EC003065F6 /* en */ = {isa = PBXFileReference; lastKnownFileType = text.plist.strings; name = en; path = en.lproj/InfoPlist.strings; sourceTree = "<group>"; };
		00CDF14417F474EC003065F6 /* main.m */ = {isa = PBXFileReference; lastKnownFileType = sourcecode.c.objc; path = main.m; sourceTree = "<group>"; };
		00CDF14617F474EC003065F6 /* Letter Go-Prefix.pch */ = {isa = PBXFileReference; lastKnownFileType = sourcecode.c.h; path = "Letter Go-Prefix.pch"; sourceTree = "<group>"; };
		00CDF14717F474EC003065F6 /* LRAppDelegate.h */ = {isa = PBXFileReference; lastKnownFileType = sourcecode.c.h; path = LRAppDelegate.h; sourceTree = "<group>"; };
		00CDF14817F474EC003065F6 /* LRAppDelegate.m */ = {isa = PBXFileReference; lastKnownFileType = sourcecode.c.objc; path = LRAppDelegate.m; sourceTree = "<group>"; };
		00CDF14B17F474EC003065F6 /* Base */ = {isa = PBXFileReference; lastKnownFileType = file.storyboard; name = Base; path = Base.lproj/Main.storyboard; sourceTree = "<group>"; };
		00CDF14D17F474EC003065F6 /* LRViewController.h */ = {isa = PBXFileReference; lastKnownFileType = sourcecode.c.h; path = LRViewController.h; sourceTree = "<group>"; };
		00CDF14E17F474EC003065F6 /* LRViewController.m */ = {isa = PBXFileReference; lastKnownFileType = sourcecode.c.objc; path = LRViewController.m; sourceTree = "<group>"; };
		00CDF15517F474EC003065F6 /* Images.xcassets */ = {isa = PBXFileReference; lastKnownFileType = folder.assetcatalog; path = Images.xcassets; sourceTree = "<group>"; };
		00CDF15B17F474EC003065F6 /* Letter GoTests.xctest */ = {isa = PBXFileReference; explicitFileType = wrapper.cfbundle; includeInIndex = 0; path = "Letter GoTests.xctest"; sourceTree = BUILT_PRODUCTS_DIR; };
		00CDF15C17F474EC003065F6 /* XCTest.framework */ = {isa = PBXFileReference; lastKnownFileType = wrapper.framework; name = XCTest.framework; path = Library/Frameworks/XCTest.framework; sourceTree = DEVELOPER_DIR; };
		00CDF16417F474EC003065F6 /* Letter GoTests-Info.plist */ = {isa = PBXFileReference; lastKnownFileType = text.plist.xml; path = "Letter GoTests-Info.plist"; sourceTree = "<group>"; };
		00CDF16617F474EC003065F6 /* en */ = {isa = PBXFileReference; lastKnownFileType = text.plist.strings; name = en; path = en.lproj/InfoPlist.strings; sourceTree = "<group>"; };
		00CDF16817F474EC003065F6 /* Letter_GoTests.m */ = {isa = PBXFileReference; lastKnownFileType = sourcecode.c.objc; path = Letter_GoTests.m; sourceTree = "<group>"; };
		00CDF17317F478A1003065F6 /* LRGameScene.h */ = {isa = PBXFileReference; fileEncoding = 4; lastKnownFileType = sourcecode.c.h; path = LRGameScene.h; sourceTree = "<group>"; };
		00CDF17417F478A1003065F6 /* LRGameScene.m */ = {isa = PBXFileReference; fileEncoding = 4; lastKnownFileType = sourcecode.c.objc; path = LRGameScene.m; sourceTree = "<group>"; };
		00CDF17717F478D7003065F6 /* LRLayer.h */ = {isa = PBXFileReference; fileEncoding = 4; lastKnownFileType = sourcecode.c.h; path = LRLayer.h; sourceTree = "<group>"; };
		00CDF17817F478D7003065F6 /* LRLayer.m */ = {isa = PBXFileReference; fileEncoding = 4; lastKnownFileType = sourcecode.c.objc; path = LRLayer.m; sourceTree = "<group>"; };
		00CDF17D17F4799B003065F6 /* LRBackgroundLayer.m */ = {isa = PBXFileReference; fileEncoding = 4; lastKnownFileType = sourcecode.c.objc; path = LRBackgroundLayer.m; sourceTree = "<group>"; };
		00CDF17E17F4799B003065F6 /* LRBackgroundLayer.h */ = {isa = PBXFileReference; fileEncoding = 4; lastKnownFileType = sourcecode.c.h; path = LRBackgroundLayer.h; sourceTree = "<group>"; };
		00CDF18017F48310003065F6 /* LRGamePlayLayer.h */ = {isa = PBXFileReference; fileEncoding = 4; lastKnownFileType = sourcecode.c.h; path = LRGamePlayLayer.h; sourceTree = "<group>"; };
		00CDF18117F48310003065F6 /* LRGamePlayLayer.m */ = {isa = PBXFileReference; fileEncoding = 4; lastKnownFileType = sourcecode.c.objc; path = LRGamePlayLayer.m; sourceTree = "<group>"; };
		00CDF18417F483E3003065F6 /* LRScreenSection.h */ = {isa = PBXFileReference; fileEncoding = 4; lastKnownFileType = sourcecode.c.h; path = LRScreenSection.h; sourceTree = "<group>"; };
		00CDF18517F483E3003065F6 /* LRScreenSection.m */ = {isa = PBXFileReference; fileEncoding = 4; lastKnownFileType = sourcecode.c.objc; path = LRScreenSection.m; sourceTree = "<group>"; };
		00CDF18717F4840F003065F6 /* LRHealthSection.h */ = {isa = PBXFileReference; fileEncoding = 4; lastKnownFileType = sourcecode.c.h; path = LRHealthSection.h; sourceTree = "<group>"; };
		00CDF18817F4840F003065F6 /* LRHealthSection.m */ = {isa = PBXFileReference; fileEncoding = 4; lastKnownFileType = sourcecode.c.objc; path = LRHealthSection.m; sourceTree = "<group>"; };
		00CDF18A17F4899B003065F6 /* LRLetterSection.h */ = {isa = PBXFileReference; fileEncoding = 4; lastKnownFileType = sourcecode.c.h; path = LRLetterSection.h; sourceTree = "<group>"; };
		00CDF18B17F4899B003065F6 /* LRLetterSection.m */ = {isa = PBXFileReference; fileEncoding = 4; lastKnownFileType = sourcecode.c.objc; path = LRLetterSection.m; sourceTree = "<group>"; };
		00F6F59517FF5234009EDADB /* LRGameStateManager.h */ = {isa = PBXFileReference; fileEncoding = 4; lastKnownFileType = sourcecode.c.h; path = LRGameStateManager.h; sourceTree = "<group>"; };
		00F6F59617FF5234009EDADB /* LRGameStateManager.m */ = {isa = PBXFileReference; fileEncoding = 4; lastKnownFileType = sourcecode.c.objc; path = LRGameStateManager.m; sourceTree = "<group>"; };
		A82CA94A1855189F004ADD99 /* LRFallingEnvelopeSlotManager.h */ = {isa = PBXFileReference; fileEncoding = 4; lastKnownFileType = sourcecode.c.h; path = LRFallingEnvelopeSlotManager.h; sourceTree = "<group>"; };
		A82CA94B1855189F004ADD99 /* LRFallingEnvelopeSlotManager.m */ = {isa = PBXFileReference; fileEncoding = 4; lastKnownFileType = sourcecode.c.objc; path = LRFallingEnvelopeSlotManager.m; sourceTree = "<group>"; };
		A82DD7E71857FB24007483A6 /* LRPositionConstants.h */ = {isa = PBXFileReference; lastKnownFileType = sourcecode.c.h; path = LRPositionConstants.h; sourceTree = "<group>"; };
		A846FB8A186E0489009DCEF4 /* LRLetterBlock_Test.m */ = {isa = PBXFileReference; fileEncoding = 4; lastKnownFileType = sourcecode.c.objc; path = LRLetterBlock_Test.m; sourceTree = "<group>"; };
		A877E5B8185BF8C30028CFFA /* Letter Go Tests.xctest */ = {isa = PBXFileReference; explicitFileType = wrapper.cfbundle; includeInIndex = 0; path = "Letter Go Tests.xctest"; sourceTree = BUILT_PRODUCTS_DIR; };
		A877E5BE185BF8C30028CFFA /* Letter Go Tests-Info.plist */ = {isa = PBXFileReference; lastKnownFileType = text.plist.xml; path = "Letter Go Tests-Info.plist"; sourceTree = "<group>"; };
		A877E5C0185BF8C30028CFFA /* en */ = {isa = PBXFileReference; lastKnownFileType = text.plist.strings; name = en; path = en.lproj/InfoPlist.strings; sourceTree = "<group>"; };
		A877E5C4185BF8C30028CFFA /* Letter Go Tests-Prefix.pch */ = {isa = PBXFileReference; lastKnownFileType = sourcecode.c.h; path = "Letter Go Tests-Prefix.pch"; sourceTree = "<group>"; };
		A877E5CC185BFA960028CFFA /* LRLetterGenerator_Test.m */ = {isa = PBXFileReference; fileEncoding = 4; lastKnownFileType = sourcecode.c.objc; path = LRLetterGenerator_Test.m; sourceTree = "<group>"; };
		A87BDD961853AC8D00845BB5 /* LRCurveBuilder.h */ = {isa = PBXFileReference; fileEncoding = 4; lastKnownFileType = sourcecode.c.h; path = LRCurveBuilder.h; sourceTree = "<group>"; };
		A87BDD971853AC8D00845BB5 /* LRCurveBuilder.m */ = {isa = PBXFileReference; fileEncoding = 4; lastKnownFileType = sourcecode.c.objc; path = LRCurveBuilder.m; sourceTree = "<group>"; };
		A87BDD991853AFDC00845BB5 /* LRBezierPath.h */ = {isa = PBXFileReference; fileEncoding = 4; lastKnownFileType = sourcecode.c.h; path = LRBezierPath.h; sourceTree = "<group>"; };
		A87BDD9A1853AFDC00845BB5 /* LRBezierPath.m */ = {isa = PBXFileReference; fileEncoding = 4; lastKnownFileType = sourcecode.c.objc; path = LRBezierPath.m; sourceTree = "<group>"; };
		A8BBFFE0185E26590055A3FD /* Background_Hills2.png */ = {isa = PBXFileReference; lastKnownFileType = image.png; path = Background_Hills2.png; sourceTree = "<group>"; };
		A8BBFFE1185E26590055A3FD /* Background_Mountains2.png */ = {isa = PBXFileReference; lastKnownFileType = image.png; path = Background_Mountains2.png; sourceTree = "<group>"; };
		A8BBFFE2185E26590055A3FD /* Background_Sky2.png */ = {isa = PBXFileReference; lastKnownFileType = image.png; path = Background_Sky2.png; sourceTree = "<group>"; };
		A8E60A111881E25F00F60DF4 /* LRCappedStack.h */ = {isa = PBXFileReference; fileEncoding = 4; lastKnownFileType = sourcecode.c.h; path = LRCappedStack.h; sourceTree = "<group>"; };
		A8E60A121881E25F00F60DF4 /* LRCappedStack.m */ = {isa = PBXFileReference; fileEncoding = 4; lastKnownFileType = sourcecode.c.objc; path = LRCappedStack.m; sourceTree = "<group>"; };
		A8E60A151881F6E300F60DF4 /* LRFallingEnvelopeSlotManager_Test.m */ = {isa = PBXFileReference; fileEncoding = 4; lastKnownFileType = sourcecode.c.objc; path = LRFallingEnvelopeSlotManager_Test.m; sourceTree = "<group>"; };
		A8E60A171881F89300F60DF4 /* LRFallingEnvelopeSlotManager_Private.h */ = {isa = PBXFileReference; lastKnownFileType = sourcecode.c.h; path = LRFallingEnvelopeSlotManager_Private.h; sourceTree = "<group>"; };
/* End PBXFileReference section */

/* Begin PBXFrameworksBuildPhase section */
		00CDF13017F474EC003065F6 /* Frameworks */ = {
			isa = PBXFrameworksBuildPhase;
			buildActionMask = 2147483647;
			files = (
				00CDF13917F474EC003065F6 /* CoreGraphics.framework in Frameworks */,
				00CDF13B17F474EC003065F6 /* UIKit.framework in Frameworks */,
				00CDF13D17F474EC003065F6 /* SpriteKit.framework in Frameworks */,
				00CDF13717F474EC003065F6 /* Foundation.framework in Frameworks */,
			);
			runOnlyForDeploymentPostprocessing = 0;
		};
		00CDF15817F474EC003065F6 /* Frameworks */ = {
			isa = PBXFrameworksBuildPhase;
			buildActionMask = 2147483647;
			files = (
				00CDF15D17F474EC003065F6 /* XCTest.framework in Frameworks */,
				00CDF15F17F474EC003065F6 /* UIKit.framework in Frameworks */,
				00CDF15E17F474EC003065F6 /* Foundation.framework in Frameworks */,
			);
			runOnlyForDeploymentPostprocessing = 0;
		};
		A877E5B5185BF8C30028CFFA /* Frameworks */ = {
			isa = PBXFrameworksBuildPhase;
			buildActionMask = 2147483647;
			files = (
				A877E5B9185BF8C30028CFFA /* XCTest.framework in Frameworks */,
				A877E5BB185BF8C30028CFFA /* UIKit.framework in Frameworks */,
				A877E5BA185BF8C30028CFFA /* Foundation.framework in Frameworks */,
			);
			runOnlyForDeploymentPostprocessing = 0;
		};
/* End PBXFrameworksBuildPhase section */

/* Begin PBXGroup section */
		0007FB30180B2FB600E55B0D /* Resources */ = {
			isa = PBXGroup;
			children = (
				00861286183AD4D700C42AE0 /* Manford_Cover.png */,
				00AC280C182EEAD400B3C0EB /* Pause_Selected.png */,
				00AC280D182EEAD400B3C0EB /* Pause_Unselected.png */,
				009B7277182991CB00A6CEA0 /* Manford.png */,
				009B7276182991CB00A6CEA0 /* Envelope_Normal.png */,
				00861282183819BF00C42AE0 /* Envelope_Love.png */,
				0007FB31180B2FBB00E55B0D /* Background */,
			);
			name = Resources;
			sourceTree = "<group>";
		};
		0007FB31180B2FBB00E55B0D /* Background */ = {
			isa = PBXGroup;
			children = (
				00076E6018679AAE00287EF9 /* Background_Grass2.png */,
				A8BBFFE0185E26590055A3FD /* Background_Hills2.png */,
				A8BBFFE1185E26590055A3FD /* Background_Mountains2.png */,
				A8BBFFE2185E26590055A3FD /* Background_Sky2.png */,
				009B7278182991CB00A6CEA0 /* Background_Cloud.png */,
				000BC1581820351800BEC563 /* Background_Grass.png */,
				000BC14B181C6B4600BEC563 /* Background_Mountains.png */,
				000BC14C181C6B4600BEC563 /* Background_Hills.png */,
			);
			name = Background;
			sourceTree = "<group>";
		};
		000BC151181C6F9A00BEC563 /* Background Layer */ = {
			isa = PBXGroup;
			children = (
				00CDF17D17F4799B003065F6 /* LRBackgroundLayer.m */,
				00CDF17E17F4799B003065F6 /* LRBackgroundLayer.h */,
				000BC161182044DA00BEC563 /* LRParallaxManager.h */,
				000BC162182044DA00BEC563 /* LRParallaxManager.m */,
				000BC164182044EB00BEC563 /* Parallax Nodes */,
			);
			name = "Background Layer";
			sourceTree = "<group>";
		};
		000BC164182044EB00BEC563 /* Parallax Nodes */ = {
			isa = PBXGroup;
			children = (
				000BC152181C705D00BEC563 /* LRParallaxNode.h */,
				000BC153181C705D00BEC563 /* LRParallaxNode.m */,
				000BC15B1820356500BEC563 /* LRCloudLayer.h */,
				000BC15C1820356500BEC563 /* LRCloudLayer.m */,
				000BC15E18203F2A00BEC563 /* LRGrassLayer.h */,
				000BC15F18203F2A00BEC563 /* LRGrassLayer.m */,
			);
			name = "Parallax Nodes";
			sourceTree = "<group>";
		};
		0049694E17F8A10700176F2D /* Game Screen Objects */ = {
			isa = PBXGroup;
			children = (
				0049696317FA0CB400176F2D /* LRObject.h */,
				0049696417FA0CB400176F2D /* LRObject.m */,
				0055EC851826F21C00717DF7 /* LRMailman.h */,
				0055EC861826F21C00717DF7 /* LRMailman.m */,
				00B43D90182834CF00261468 /* LRButton.h */,
				00B43D91182834CF00261468 /* LRButton.m */,
				0049695217F8A70B00176F2D /* Letter Blocks */,
			);
			name = "Game Screen Objects";
			sourceTree = "<group>";
		};
		0049695217F8A70B00176F2D /* Letter Blocks */ = {
			isa = PBXGroup;
			children = (
				A87BDD9C1853B4AE00845BB5 /* Bezier */,
				0049695317F8A75B00176F2D /* LRLetterBlockGenerator.h */,
				0049695417F8A75B00176F2D /* LRLetterBlockGenerator.m */,
				0049694F17F8A12B00176F2D /* LRLetterBlock.h */,
				0049695017F8A12B00176F2D /* LRLetterBlock.m */,
				0007FB3A180C79B600E55B0D /* LRFallingEnvelope.h */,
				0007FB3B180C79B600E55B0D /* LRFallingEnvelope.m */,
				0007FB3D180C7A1A00E55B0D /* LRSectionBlock.h */,
				0007FB3E180C7A1A00E55B0D /* LRSectionBlock.m */,
			);
			name = "Letter Blocks";
			sourceTree = "<group>";
		};
		0049695617F8AB3400176F2D /* Singletons */ = {
			isa = PBXGroup;
			children = (
				00AC2808182EEA1300B3C0EB /* Collision Manager */,
				00AC2809182EEA2200B3C0EB /* Difficulty Manager */,
				00AC280A182EEA3F00B3C0EB /* Letters + Words */,
				00F6F59517FF5234009EDADB /* LRGameStateManager.h */,
				00F6F59617FF5234009EDADB /* LRGameStateManager.m */,
				008428F71801F46C00908E5D /* LRScoreManager.h */,
				008428F81801F46C00908E5D /* LRScoreManager.m */,
			);
			name = Singletons;
			sourceTree = "<group>";
		};
		0049695A17F8AC3D00176F2D /* Constants */ = {
			isa = PBXGroup;
			children = (
				0049695B17F8AC6400176F2D /* LRConstants.h */,
				A82DD7E71857FB24007483A6 /* LRPositionConstants.h */,
				00AC2802182ED98800B3C0EB /* LRDifficultyConstants.h */,
			);
			name = Constants;
			sourceTree = "<group>";
		};
		0049695C17F8B58F00176F2D /* Letter Section */ = {
			isa = PBXGroup;
			children = (
				00CDF18A17F4899B003065F6 /* LRLetterSection.h */,
				00CDF18B17F4899B003065F6 /* LRLetterSection.m */,
				0049695D17F8B5B900176F2D /* LRLetterSlot.h */,
				0049695E17F8B5B900176F2D /* LRLetterSlot.m */,
				008428F41801EABB00908E5D /* LRSubmitButton.h */,
				008428F51801EABB00908E5D /* LRSubmitButton.m */,
			);
			name = "Letter Section";
			sourceTree = "<group>";
		};
		00641EA5182C2C210098EC38 /* Dev Pause Menu */ = {
			isa = PBXGroup;
			children = (
				00641EA6182C42D30098EC38 /* LRDevPauseMenuVC.h */,
				00641EA7182C42D30098EC38 /* LRDevPauseMenuVC.m */,
				00641EA8182C42D30098EC38 /* LRDevPauseMenuVC.xib */,
				00AC2819183178B700B3C0EB /* LRStatsPageViewController.h */,
				00AC281A183178B800B3C0EB /* LRStatsPageViewController.m */,
				00AC281B183178B800B3C0EB /* LRStatsPageViewController.xib */,
				00641EB1182D7BFF0098EC38 /* LRSliderLabelView.h */,
				00641EB2182D7BFF0098EC38 /* LRSliderLabelView.m */,
				00AC28161830415E00B3C0EB /* LRIncreaseStyleSelector.h */,
				00AC28171830415E00B3C0EB /* LRIncreaseStyleSelector.m */,
				00AC281E18317F7A00B3C0EB /* LRDevPauseSubView.h */,
				00AC281F18317F7A00B3C0EB /* LRDevPauseSubView.m */,
			);
			name = "Dev Pause Menu";
			sourceTree = "<group>";
		};
		008428EE1800992D00908E5D /* Property Lists */ = {
			isa = PBXGroup;
			children = (
				00AC2803182EDAC100B3C0EB /* DifficultyVariables.plist */,
				008428EF1800997800908E5D /* LetterProbabilities.plist */,
				003C266F180F46C6003729D4 /* organizedDict.txt */,
			);
			name = "Property Lists";
			sourceTree = "<group>";
		};
		00AC2808182EEA1300B3C0EB /* Collision Manager */ = {
			isa = PBXGroup;
			children = (
				0049695717F8AB5D00176F2D /* LRCollisionManager.h */,
				0049695817F8AB5D00176F2D /* LRCollisionManager.m */,
				0020001C18245B3E005DDD46 /* LRCollisionManager+ContactFunctions.h */,
				0020001D18245B3E005DDD46 /* LRCollisionManager+ContactFunctions.m */,
			);
			name = "Collision Manager";
			sourceTree = "<group>";
		};
		00AC2809182EEA2200B3C0EB /* Difficulty Manager */ = {
			isa = PBXGroup;
			children = (
				003E577C180E0D5D00B37B68 /* LRDifficultyManager.h */,
				003E577D180E0D5D00B37B68 /* LRDifficultyManager.m */,
				00AC2805182EE1A300B3C0EB /* LRDifficultyManager+Notifications.h */,
				00AC2806182EE1A300B3C0EB /* LRDifficultyManager+Notifications.m */,
			);
			name = "Difficulty Manager";
			sourceTree = "<group>";
		};
		00AC280A182EEA3F00B3C0EB /* Letters + Words */ = {
			isa = PBXGroup;
			children = (
				008428F118009F6300908E5D /* LRLetterGenerator.h */,
				008428F218009F6300908E5D /* LRLetterGenerator.m */,
				009CC29C180349E700C0423D /* LRDictionaryChecker.h */,
				009CC29D180349E700C0423D /* LRDictionaryChecker.m */,
			);
			name = "Letters + Words";
			sourceTree = "<group>";
		};
		00AC280B182EEA7900B3C0EB /* Menus */ = {
			isa = PBXGroup;
			children = (
				00641EA5182C2C210098EC38 /* Dev Pause Menu */,
			);
			name = Menus;
			sourceTree = "<group>";
		};
		00CDF12A17F474EC003065F6 = {
			isa = PBXGroup;
			children = (
				A8E60A141881E27900F60DF4 /* Reusable Classes */,
				0007FB30180B2FB600E55B0D /* Resources */,
				008428EE1800992D00908E5D /* Property Lists */,
				0049695A17F8AC3D00176F2D /* Constants */,
				0049695617F8AB3400176F2D /* Singletons */,
				00AC280B182EEA7900B3C0EB /* Menus */,
				0049694E17F8A10700176F2D /* Game Screen Objects */,
				00CDF18317F483C4003065F6 /* Game Screen Sections */,
				00CDF17617F478BA003065F6 /* Layers */,
				00CDF17217F477C1003065F6 /* Scenes */,
				00CDF13E17F474EC003065F6 /* Base */,
				A877E5BC185BF8C30028CFFA /* Letter Go Tests */,
				00CDF13517F474EC003065F6 /* Frameworks */,
				00CDF13417F474EC003065F6 /* Products */,
			);
			sourceTree = "<group>";
		};
		00CDF13417F474EC003065F6 /* Products */ = {
			isa = PBXGroup;
			children = (
				00CDF13317F474EC003065F6 /* Letter Go.app */,
				00CDF15B17F474EC003065F6 /* Letter GoTests.xctest */,
				A877E5B8185BF8C30028CFFA /* Letter Go Tests.xctest */,
			);
			name = Products;
			sourceTree = "<group>";
		};
		00CDF13517F474EC003065F6 /* Frameworks */ = {
			isa = PBXGroup;
			children = (
				00CDF13617F474EC003065F6 /* Foundation.framework */,
				00CDF13817F474EC003065F6 /* CoreGraphics.framework */,
				00CDF13A17F474EC003065F6 /* UIKit.framework */,
				00CDF13C17F474EC003065F6 /* SpriteKit.framework */,
				00CDF15C17F474EC003065F6 /* XCTest.framework */,
			);
			name = Frameworks;
			sourceTree = "<group>";
		};
		00CDF13E17F474EC003065F6 /* Base */ = {
			isa = PBXGroup;
			children = (
				00CDF14717F474EC003065F6 /* LRAppDelegate.h */,
				00CDF14817F474EC003065F6 /* LRAppDelegate.m */,
				00CDF14A17F474EC003065F6 /* Main.storyboard */,
				00CDF14D17F474EC003065F6 /* LRViewController.h */,
				00CDF14E17F474EC003065F6 /* LRViewController.m */,
				00CDF15517F474EC003065F6 /* Images.xcassets */,
				00CDF16217F474EC003065F6 /* Letter GoTests */,
				00CDF13F17F474EC003065F6 /* Supporting Files */,
			);
			name = Base;
			path = "Letter Go";
			sourceTree = "<group>";
		};
		00CDF13F17F474EC003065F6 /* Supporting Files */ = {
			isa = PBXGroup;
			children = (
				00CDF14017F474EC003065F6 /* Letter Go-Info.plist */,
				00CDF14117F474EC003065F6 /* InfoPlist.strings */,
				00CDF14417F474EC003065F6 /* main.m */,
				00CDF14617F474EC003065F6 /* Letter Go-Prefix.pch */,
			);
			name = "Supporting Files";
			sourceTree = "<group>";
		};
		00CDF16217F474EC003065F6 /* Letter GoTests */ = {
			isa = PBXGroup;
			children = (
				00CDF16817F474EC003065F6 /* Letter_GoTests.m */,
				00CDF16317F474EC003065F6 /* Supporting Files */,
			);
			path = "Letter GoTests";
			sourceTree = SOURCE_ROOT;
		};
		00CDF16317F474EC003065F6 /* Supporting Files */ = {
			isa = PBXGroup;
			children = (
				00CDF16417F474EC003065F6 /* Letter GoTests-Info.plist */,
				00CDF16517F474EC003065F6 /* InfoPlist.strings */,
			);
			name = "Supporting Files";
			sourceTree = "<group>";
		};
		00CDF17217F477C1003065F6 /* Scenes */ = {
			isa = PBXGroup;
			children = (
				00CDF17317F478A1003065F6 /* LRGameScene.h */,
				00CDF17417F478A1003065F6 /* LRGameScene.m */,
			);
			name = Scenes;
			sourceTree = "<group>";
		};
		00CDF17617F478BA003065F6 /* Layers */ = {
			isa = PBXGroup;
			children = (
				A82CA94918551874004ADD99 /* Game Play Layer */,
				000BC151181C6F9A00BEC563 /* Background Layer */,
				00CDF17717F478D7003065F6 /* LRLayer.h */,
				00CDF17817F478D7003065F6 /* LRLayer.m */,
			);
			name = Layers;
			sourceTree = "<group>";
		};
		00CDF18317F483C4003065F6 /* Game Screen Sections */ = {
			isa = PBXGroup;
			children = (
				0049695C17F8B58F00176F2D /* Letter Section */,
				00CDF18417F483E3003065F6 /* LRScreenSection.h */,
				00CDF18517F483E3003065F6 /* LRScreenSection.m */,
				00CDF18717F4840F003065F6 /* LRHealthSection.h */,
				00CDF18817F4840F003065F6 /* LRHealthSection.m */,
			);
			name = "Game Screen Sections";
			sourceTree = "<group>";
		};
		A82CA94918551874004ADD99 /* Game Play Layer */ = {
			isa = PBXGroup;
			children = (
				00CDF18017F48310003065F6 /* LRGamePlayLayer.h */,
				00CDF18117F48310003065F6 /* LRGamePlayLayer.m */,
				A82CA94A1855189F004ADD99 /* LRFallingEnvelopeSlotManager.h */,
				A8E60A171881F89300F60DF4 /* LRFallingEnvelopeSlotManager_Private.h */,
				A82CA94B1855189F004ADD99 /* LRFallingEnvelopeSlotManager.m */,
			);
			name = "Game Play Layer";
			sourceTree = "<group>";
		};
		A877E5BC185BF8C30028CFFA /* Letter Go Tests */ = {
			isa = PBXGroup;
			children = (
				A877E5CC185BFA960028CFFA /* LRLetterGenerator_Test.m */,
				A846FB8A186E0489009DCEF4 /* LRLetterBlock_Test.m */,
				A8E60A151881F6E300F60DF4 /* LRFallingEnvelopeSlotManager_Test.m */,
				A877E5BD185BF8C30028CFFA /* Supporting Files */,
			);
			path = "Letter Go Tests";
			sourceTree = "<group>";
		};
		A877E5BD185BF8C30028CFFA /* Supporting Files */ = {
			isa = PBXGroup;
			children = (
				A877E5BE185BF8C30028CFFA /* Letter Go Tests-Info.plist */,
				A877E5BF185BF8C30028CFFA /* InfoPlist.strings */,
				A877E5C4185BF8C30028CFFA /* Letter Go Tests-Prefix.pch */,
			);
			name = "Supporting Files";
			sourceTree = "<group>";
		};
		A87BDD9C1853B4AE00845BB5 /* Bezier */ = {
			isa = PBXGroup;
			children = (
				A87BDD961853AC8D00845BB5 /* LRCurveBuilder.h */,
				A87BDD971853AC8D00845BB5 /* LRCurveBuilder.m */,
				A87BDD991853AFDC00845BB5 /* LRBezierPath.h */,
				A87BDD9A1853AFDC00845BB5 /* LRBezierPath.m */,
			);
			name = Bezier;
			sourceTree = "<group>";
		};
		A8E60A141881E27900F60DF4 /* Reusable Classes */ = {
			isa = PBXGroup;
			children = (
				00076E65186F819000287EF9 /* LRFont.h */,
				00076E66186F819000287EF9 /* LRFont.m */,
				00076E62186F798200287EF9 /* LRColor.h */,
				00076E63186F798200287EF9 /* LRColor.m */,
				A8E60A111881E25F00F60DF4 /* LRCappedStack.h */,
				A8E60A121881E25F00F60DF4 /* LRCappedStack.m */,
			);
			name = "Reusable Classes";
			sourceTree = "<group>";
		};
/* End PBXGroup section */

/* Begin PBXNativeTarget section */
		00CDF13217F474EC003065F6 /* Letter Go */ = {
			isa = PBXNativeTarget;
			buildConfigurationList = 00CDF16C17F474EC003065F6 /* Build configuration list for PBXNativeTarget "Letter Go" */;
			buildPhases = (
				00CDF12F17F474EC003065F6 /* Sources */,
				00CDF13017F474EC003065F6 /* Frameworks */,
				00CDF13117F474EC003065F6 /* Resources */,
			);
			buildRules = (
			);
			dependencies = (
			);
			name = "Letter Go";
			productName = "Letter Go";
			productReference = 00CDF13317F474EC003065F6 /* Letter Go.app */;
			productType = "com.apple.product-type.application";
		};
		00CDF15A17F474EC003065F6 /* Letter GoTests */ = {
			isa = PBXNativeTarget;
			buildConfigurationList = 00CDF16F17F474EC003065F6 /* Build configuration list for PBXNativeTarget "Letter GoTests" */;
			buildPhases = (
				00CDF15717F474EC003065F6 /* Sources */,
				00CDF15817F474EC003065F6 /* Frameworks */,
				00CDF15917F474EC003065F6 /* Resources */,
			);
			buildRules = (
			);
			dependencies = (
				00CDF16117F474EC003065F6 /* PBXTargetDependency */,
			);
			name = "Letter GoTests";
			productName = "Letter GoTests";
			productReference = 00CDF15B17F474EC003065F6 /* Letter GoTests.xctest */;
			productType = "com.apple.product-type.bundle.unit-test";
		};
		A877E5B7185BF8C30028CFFA /* Letter Go Tests */ = {
			isa = PBXNativeTarget;
			buildConfigurationList = A877E5C7185BF8C30028CFFA /* Build configuration list for PBXNativeTarget "Letter Go Tests" */;
			buildPhases = (
				A877E5B4185BF8C30028CFFA /* Sources */,
				A877E5B5185BF8C30028CFFA /* Frameworks */,
				A877E5B6185BF8C30028CFFA /* Resources */,
			);
			buildRules = (
			);
			dependencies = (
				A877E5C6185BF8C30028CFFA /* PBXTargetDependency */,
			);
			name = "Letter Go Tests";
			productName = "Letter Go Tests";
			productReference = A877E5B8185BF8C30028CFFA /* Letter Go Tests.xctest */;
			productType = "com.apple.product-type.bundle.unit-test";
		};
/* End PBXNativeTarget section */

/* Begin PBXProject section */
		00CDF12B17F474EC003065F6 /* Project object */ = {
			isa = PBXProject;
			attributes = {
				CLASSPREFIX = LR;
				LastUpgradeCheck = 0500;
				ORGANIZATIONNAME = "Gabe Nicholas";
				TargetAttributes = {
					00CDF13217F474EC003065F6 = {
						DevelopmentTeam = Q99XXBB934;
					};
					00CDF15A17F474EC003065F6 = {
						TestTargetID = 00CDF13217F474EC003065F6;
					};
					A877E5B7185BF8C30028CFFA = {
						TestTargetID = 00CDF13217F474EC003065F6;
					};
				};
			};
			buildConfigurationList = 00CDF12E17F474EC003065F6 /* Build configuration list for PBXProject "Letter Go" */;
			compatibilityVersion = "Xcode 3.2";
			developmentRegion = English;
			hasScannedForEncodings = 0;
			knownRegions = (
				en,
				Base,
			);
			mainGroup = 00CDF12A17F474EC003065F6;
			productRefGroup = 00CDF13417F474EC003065F6 /* Products */;
			projectDirPath = "";
			projectRoot = "";
			targets = (
				00CDF13217F474EC003065F6 /* Letter Go */,
				00CDF15A17F474EC003065F6 /* Letter GoTests */,
				A877E5B7185BF8C30028CFFA /* Letter Go Tests */,
			);
		};
/* End PBXProject section */

/* Begin PBXResourcesBuildPhase section */
		00CDF13117F474EC003065F6 /* Resources */ = {
			isa = PBXResourcesBuildPhase;
			buildActionMask = 2147483647;
			files = (
				00641EAA182C42D30098EC38 /* LRDevPauseMenuVC.xib in Resources */,
				009B727A182991CB00A6CEA0 /* Manford.png in Resources */,
				00076E6118679AAE00287EF9 /* Background_Grass2.png in Resources */,
				000BC14F181C6B4600BEC563 /* Background_Mountains.png in Resources */,
				008428F01800997800908E5D /* LetterProbabilities.plist in Resources */,
				A8BBFFE5185E26590055A3FD /* Background_Mountains2.png in Resources */,
				00AC280F182EEAD400B3C0EB /* Pause_Unselected.png in Resources */,
				00861283183819BF00C42AE0 /* Envelope_Love.png in Resources */,
				A8BBFFE6185E26590055A3FD /* Background_Sky2.png in Resources */,
				00AC2804182EDAC100B3C0EB /* DifficultyVariables.plist in Resources */,
				009B7279182991CB00A6CEA0 /* Envelope_Normal.png in Resources */,
				00AC281D183178B800B3C0EB /* LRStatsPageViewController.xib in Resources */,
				000BC15A1820351900BEC563 /* Background_Grass.png in Resources */,
				000BC150181C6B4600BEC563 /* Background_Hills.png in Resources */,
				009B727B182991CB00A6CEA0 /* Background_Cloud.png in Resources */,
				00CDF14317F474EC003065F6 /* InfoPlist.strings in Resources */,
				00CDF15617F474EC003065F6 /* Images.xcassets in Resources */,
				003C2670180F46C6003729D4 /* organizedDict.txt in Resources */,
				00CDF14C17F474EC003065F6 /* Main.storyboard in Resources */,
				A8BBFFE4185E26590055A3FD /* Background_Hills2.png in Resources */,
				00AC280E182EEAD400B3C0EB /* Pause_Selected.png in Resources */,
				00861287183AD4D700C42AE0 /* Manford_Cover.png in Resources */,
			);
			runOnlyForDeploymentPostprocessing = 0;
		};
		00CDF15917F474EC003065F6 /* Resources */ = {
			isa = PBXResourcesBuildPhase;
			buildActionMask = 2147483647;
			files = (
				00CDF16717F474EC003065F6 /* InfoPlist.strings in Resources */,
			);
			runOnlyForDeploymentPostprocessing = 0;
		};
		A877E5B6185BF8C30028CFFA /* Resources */ = {
			isa = PBXResourcesBuildPhase;
			buildActionMask = 2147483647;
			files = (
				A877E5C1185BF8C30028CFFA /* InfoPlist.strings in Resources */,
			);
			runOnlyForDeploymentPostprocessing = 0;
		};
/* End PBXResourcesBuildPhase section */

/* Begin PBXSourcesBuildPhase section */
		00CDF12F17F474EC003065F6 /* Sources */ = {
			isa = PBXSourcesBuildPhase;
			buildActionMask = 2147483647;
			files = (
				00AC281C183178B800B3C0EB /* LRStatsPageViewController.m in Sources */,
				00076E64186F798200287EF9 /* LRColor.m in Sources */,
				008428F91801F46C00908E5D /* LRScoreManager.m in Sources */,
				00CDF14917F474EC003065F6 /* LRAppDelegate.m in Sources */,
				009CC29E180349E700C0423D /* LRDictionaryChecker.m in Sources */,
				00CDF14517F474EC003065F6 /* main.m in Sources */,
				000BC16018203F2A00BEC563 /* LRGrassLayer.m in Sources */,
				000BC154181C705D00BEC563 /* LRParallaxNode.m in Sources */,
				0049696517FA0CB400176F2D /* LRObject.m in Sources */,
				00CDF17F17F4799B003065F6 /* LRBackgroundLayer.m in Sources */,
				0049695F17F8B5B900176F2D /* LRLetterSlot.m in Sources */,
				00AC2807182EE1A300B3C0EB /* LRDifficultyManager+Notifications.m in Sources */,
				0055EC871826F21C00717DF7 /* LRMailman.m in Sources */,
				00641EB3182D7BFF0098EC38 /* LRSliderLabelView.m in Sources */,
				0049695517F8A75B00176F2D /* LRLetterBlockGenerator.m in Sources */,
				A8E60A131881E25F00F60DF4 /* LRCappedStack.m in Sources */,
				008428F318009F6300908E5D /* LRLetterGenerator.m in Sources */,
				008428F61801EABB00908E5D /* LRSubmitButton.m in Sources */,
				0049695917F8AB5D00176F2D /* LRCollisionManager.m in Sources */,
				0020001E18245B3E005DDD46 /* LRCollisionManager+ContactFunctions.m in Sources */,
				00AC282018317F7A00B3C0EB /* LRDevPauseSubView.m in Sources */,
				00F6F59717FF5234009EDADB /* LRGameStateManager.m in Sources */,
				00CDF18217F48310003065F6 /* LRGamePlayLayer.m in Sources */,
				00CDF18917F4840F003065F6 /* LRHealthSection.m in Sources */,
				00CDF18C17F4899B003065F6 /* LRLetterSection.m in Sources */,
				000BC15D1820356500BEC563 /* LRCloudLayer.m in Sources */,
				0007FB3C180C79B600E55B0D /* LRFallingEnvelope.m in Sources */,
				00641EA9182C42D30098EC38 /* LRDevPauseMenuVC.m in Sources */,
				00CDF17917F478D7003065F6 /* LRLayer.m in Sources */,
				00CDF17517F478A1003065F6 /* LRGameScene.m in Sources */,
				00076E67186F819000287EF9 /* LRFont.m in Sources */,
				00B43D92182834CF00261468 /* LRButton.m in Sources */,
				A87BDD981853AC8D00845BB5 /* LRCurveBuilder.m in Sources */,
				0049695117F8A12B00176F2D /* LRLetterBlock.m in Sources */,
				000BC163182044DA00BEC563 /* LRParallaxManager.m in Sources */,
				0007FB3F180C7A1A00E55B0D /* LRSectionBlock.m in Sources */,
				00CDF14F17F474EC003065F6 /* LRViewController.m in Sources */,
				A82CA94C1855189F004ADD99 /* LRFallingEnvelopeSlotManager.m in Sources */,
				003E577E180E0D5D00B37B68 /* LRDifficultyManager.m in Sources */,
				00AC28181830415E00B3C0EB /* LRIncreaseStyleSelector.m in Sources */,
				00CDF18617F483E3003065F6 /* LRScreenSection.m in Sources */,
				A87BDD9B1853AFDC00845BB5 /* LRBezierPath.m in Sources */,
			);
			runOnlyForDeploymentPostprocessing = 0;
		};
		00CDF15717F474EC003065F6 /* Sources */ = {
			isa = PBXSourcesBuildPhase;
			buildActionMask = 2147483647;
			files = (
				00CDF16917F474EC003065F6 /* Letter_GoTests.m in Sources */,
			);
			runOnlyForDeploymentPostprocessing = 0;
		};
		A877E5B4185BF8C30028CFFA /* Sources */ = {
			isa = PBXSourcesBuildPhase;
			buildActionMask = 2147483647;
			files = (
				A846FB8B186E0489009DCEF4 /* LRLetterBlock_Test.m in Sources */,
				A877E5CD185BFA960028CFFA /* LRLetterGenerator_Test.m in Sources */,
				A8E60A161881F6E300F60DF4 /* LRFallingEnvelopeSlotManager_Test.m in Sources */,
			);
			runOnlyForDeploymentPostprocessing = 0;
		};
/* End PBXSourcesBuildPhase section */

/* Begin PBXTargetDependency section */
		00CDF16117F474EC003065F6 /* PBXTargetDependency */ = {
			isa = PBXTargetDependency;
			target = 00CDF13217F474EC003065F6 /* Letter Go */;
			targetProxy = 00CDF16017F474EC003065F6 /* PBXContainerItemProxy */;
		};
		A877E5C6185BF8C30028CFFA /* PBXTargetDependency */ = {
			isa = PBXTargetDependency;
			target = 00CDF13217F474EC003065F6 /* Letter Go */;
			targetProxy = A877E5C5185BF8C30028CFFA /* PBXContainerItemProxy */;
		};
/* End PBXTargetDependency section */

/* Begin PBXVariantGroup section */
		00CDF14117F474EC003065F6 /* InfoPlist.strings */ = {
			isa = PBXVariantGroup;
			children = (
				00CDF14217F474EC003065F6 /* en */,
			);
			name = InfoPlist.strings;
			sourceTree = "<group>";
		};
		00CDF14A17F474EC003065F6 /* Main.storyboard */ = {
			isa = PBXVariantGroup;
			children = (
				00CDF14B17F474EC003065F6 /* Base */,
			);
			name = Main.storyboard;
			sourceTree = "<group>";
		};
		00CDF16517F474EC003065F6 /* InfoPlist.strings */ = {
			isa = PBXVariantGroup;
			children = (
				00CDF16617F474EC003065F6 /* en */,
			);
			name = InfoPlist.strings;
			sourceTree = "<group>";
		};
		A877E5BF185BF8C30028CFFA /* InfoPlist.strings */ = {
			isa = PBXVariantGroup;
			children = (
				A877E5C0185BF8C30028CFFA /* en */,
			);
			name = InfoPlist.strings;
			sourceTree = "<group>";
		};
/* End PBXVariantGroup section */

/* Begin XCBuildConfiguration section */
		00CDF16A17F474EC003065F6 /* Debug */ = {
			isa = XCBuildConfiguration;
			buildSettings = {
				ALWAYS_SEARCH_USER_PATHS = NO;
				ARCHS = "$(ARCHS_STANDARD_INCLUDING_64_BIT)";
				CLANG_CXX_LANGUAGE_STANDARD = "gnu++0x";
				CLANG_CXX_LIBRARY = "libc++";
				CLANG_ENABLE_MODULES = YES;
				CLANG_ENABLE_OBJC_ARC = YES;
				CLANG_WARN_BOOL_CONVERSION = YES;
				CLANG_WARN_CONSTANT_CONVERSION = YES;
				CLANG_WARN_DIRECT_OBJC_ISA_USAGE = YES_ERROR;
				CLANG_WARN_EMPTY_BODY = YES;
				CLANG_WARN_ENUM_CONVERSION = YES;
				CLANG_WARN_INT_CONVERSION = YES;
				CLANG_WARN_OBJC_ROOT_CLASS = YES_ERROR;
				CLANG_WARN__DUPLICATE_METHOD_MATCH = YES;
				"CODE_SIGN_IDENTITY[sdk=iphoneos*]" = "iPhone Developer";
				COPY_PHASE_STRIP = NO;
				GCC_C_LANGUAGE_STANDARD = gnu99;
				GCC_DYNAMIC_NO_PIC = NO;
				GCC_OPTIMIZATION_LEVEL = 0;
				GCC_PREPROCESSOR_DEFINITIONS = (
					"DEBUG=1",
					"$(inherited)",
				);
				GCC_SYMBOLS_PRIVATE_EXTERN = NO;
				GCC_WARN_64_TO_32_BIT_CONVERSION = YES;
				GCC_WARN_ABOUT_RETURN_TYPE = YES_ERROR;
				GCC_WARN_UNDECLARED_SELECTOR = YES;
				GCC_WARN_UNINITIALIZED_AUTOS = YES;
				GCC_WARN_UNUSED_FUNCTION = YES;
				GCC_WARN_UNUSED_VARIABLE = YES;
				IPHONEOS_DEPLOYMENT_TARGET = 7.0;
				ONLY_ACTIVE_ARCH = YES;
				SDKROOT = iphoneos;
			};
			name = Debug;
		};
		00CDF16B17F474EC003065F6 /* Release */ = {
			isa = XCBuildConfiguration;
			buildSettings = {
				ALWAYS_SEARCH_USER_PATHS = NO;
				ARCHS = "$(ARCHS_STANDARD_INCLUDING_64_BIT)";
				CLANG_CXX_LANGUAGE_STANDARD = "gnu++0x";
				CLANG_CXX_LIBRARY = "libc++";
				CLANG_ENABLE_MODULES = YES;
				CLANG_ENABLE_OBJC_ARC = YES;
				CLANG_WARN_BOOL_CONVERSION = YES;
				CLANG_WARN_CONSTANT_CONVERSION = YES;
				CLANG_WARN_DIRECT_OBJC_ISA_USAGE = YES_ERROR;
				CLANG_WARN_EMPTY_BODY = YES;
				CLANG_WARN_ENUM_CONVERSION = YES;
				CLANG_WARN_INT_CONVERSION = YES;
				CLANG_WARN_OBJC_ROOT_CLASS = YES_ERROR;
				CLANG_WARN__DUPLICATE_METHOD_MATCH = YES;
				"CODE_SIGN_IDENTITY[sdk=iphoneos*]" = "iPhone Developer";
				COPY_PHASE_STRIP = YES;
				ENABLE_NS_ASSERTIONS = NO;
				GCC_C_LANGUAGE_STANDARD = gnu99;
				GCC_WARN_64_TO_32_BIT_CONVERSION = YES;
				GCC_WARN_ABOUT_RETURN_TYPE = YES_ERROR;
				GCC_WARN_UNDECLARED_SELECTOR = YES;
				GCC_WARN_UNINITIALIZED_AUTOS = YES;
				GCC_WARN_UNUSED_FUNCTION = YES;
				GCC_WARN_UNUSED_VARIABLE = YES;
				IPHONEOS_DEPLOYMENT_TARGET = 7.0;
				SDKROOT = iphoneos;
				VALIDATE_PRODUCT = YES;
			};
			name = Release;
		};
		00CDF16D17F474EC003065F6 /* Debug */ = {
			isa = XCBuildConfiguration;
			buildSettings = {
				ASSETCATALOG_COMPILER_APPICON_NAME = AppIcon;
				ASSETCATALOG_COMPILER_LAUNCHIMAGE_NAME = LaunchImage;
				CODE_SIGN_IDENTITY = "iPhone Developer";
				GCC_PRECOMPILE_PREFIX_HEADER = YES;
				GCC_PREFIX_HEADER = "Letter Go/Letter Go-Prefix.pch";
				INFOPLIST_FILE = "Letter Go/Letter Go-Info.plist";
				PRODUCT_NAME = "$(TARGET_NAME)";
				SPRITEKIT_TEXTURE_ATLAS_OUTPUT = YES;
				WRAPPER_EXTENSION = app;
			};
			name = Debug;
		};
		00CDF16E17F474EC003065F6 /* Release */ = {
			isa = XCBuildConfiguration;
			buildSettings = {
				ASSETCATALOG_COMPILER_APPICON_NAME = AppIcon;
				ASSETCATALOG_COMPILER_LAUNCHIMAGE_NAME = LaunchImage;
				CODE_SIGN_IDENTITY = "iPhone Developer";
				GCC_PRECOMPILE_PREFIX_HEADER = YES;
				GCC_PREFIX_HEADER = "Letter Go/Letter Go-Prefix.pch";
				INFOPLIST_FILE = "Letter Go/Letter Go-Info.plist";
				PRODUCT_NAME = "$(TARGET_NAME)";
				SPRITEKIT_TEXTURE_ATLAS_OUTPUT = YES;
				WRAPPER_EXTENSION = app;
			};
			name = Release;
		};
		00CDF17017F474EC003065F6 /* Debug */ = {
			isa = XCBuildConfiguration;
			buildSettings = {
				ARCHS = "$(ARCHS_STANDARD_INCLUDING_64_BIT)";
				BUNDLE_LOADER = "$(BUILT_PRODUCTS_DIR)/Letter Go.app/Letter Go";
				FRAMEWORK_SEARCH_PATHS = (
					"$(SDKROOT)/Developer/Library/Frameworks",
					"$(inherited)",
					"$(DEVELOPER_FRAMEWORKS_DIR)",
				);
				GCC_PRECOMPILE_PREFIX_HEADER = YES;
				GCC_PREFIX_HEADER = "Letter Go/Letter Go-Prefix.pch";
				GCC_PREPROCESSOR_DEFINITIONS = (
					"DEBUG=1",
					"$(inherited)",
				);
				INFOPLIST_FILE = "Letter GoTests/Letter GoTests-Info.plist";
				PRODUCT_NAME = "$(TARGET_NAME)";
				TEST_HOST = "$(BUNDLE_LOADER)";
				WRAPPER_EXTENSION = xctest;
			};
			name = Debug;
		};
		00CDF17117F474EC003065F6 /* Release */ = {
			isa = XCBuildConfiguration;
			buildSettings = {
				ARCHS = "$(ARCHS_STANDARD_INCLUDING_64_BIT)";
				BUNDLE_LOADER = "$(BUILT_PRODUCTS_DIR)/Letter Go.app/Letter Go";
				FRAMEWORK_SEARCH_PATHS = (
					"$(SDKROOT)/Developer/Library/Frameworks",
					"$(inherited)",
					"$(DEVELOPER_FRAMEWORKS_DIR)",
				);
				GCC_PRECOMPILE_PREFIX_HEADER = YES;
				GCC_PREFIX_HEADER = "Letter Go/Letter Go-Prefix.pch";
				INFOPLIST_FILE = "Letter GoTests/Letter GoTests-Info.plist";
				PRODUCT_NAME = "$(TARGET_NAME)";
				TEST_HOST = "$(BUNDLE_LOADER)";
				WRAPPER_EXTENSION = xctest;
			};
			name = Release;
		};
		A877E5C8185BF8C30028CFFA /* Debug */ = {
			isa = XCBuildConfiguration;
			buildSettings = {
				ARCHS = "$(ARCHS_STANDARD_INCLUDING_64_BIT)";
				BUNDLE_LOADER = "$(BUILT_PRODUCTS_DIR)/Letter Go.app/Letter Go";
				FRAMEWORK_SEARCH_PATHS = (
					"$(SDKROOT)/Developer/Library/Frameworks",
					"$(inherited)",
					"$(DEVELOPER_FRAMEWORKS_DIR)",
				);
				GCC_PRECOMPILE_PREFIX_HEADER = YES;
				GCC_PREFIX_HEADER = "Letter Go Tests/Letter Go Tests-Prefix.pch";
				GCC_PREPROCESSOR_DEFINITIONS = (
					"DEBUG=1",
					"$(inherited)",
				);
				INFOPLIST_FILE = "Letter Go Tests/Letter Go Tests-Info.plist";
				PRODUCT_NAME = "$(TARGET_NAME)";
				TEST_HOST = "$(BUNDLE_LOADER)";
				WRAPPER_EXTENSION = xctest;
			};
			name = Debug;
		};
		A877E5C9185BF8C30028CFFA /* Release */ = {
			isa = XCBuildConfiguration;
			buildSettings = {
				ARCHS = "$(ARCHS_STANDARD_INCLUDING_64_BIT)";
				BUNDLE_LOADER = "$(BUILT_PRODUCTS_DIR)/Letter Go.app/Letter Go";
				FRAMEWORK_SEARCH_PATHS = (
					"$(SDKROOT)/Developer/Library/Frameworks",
					"$(inherited)",
					"$(DEVELOPER_FRAMEWORKS_DIR)",
				);
				GCC_PRECOMPILE_PREFIX_HEADER = YES;
				GCC_PREFIX_HEADER = "Letter Go Tests/Letter Go Tests-Prefix.pch";
				INFOPLIST_FILE = "Letter Go Tests/Letter Go Tests-Info.plist";
				PRODUCT_NAME = "$(TARGET_NAME)";
				TEST_HOST = "$(BUNDLE_LOADER)";
				WRAPPER_EXTENSION = xctest;
			};
			name = Release;
		};
/* End XCBuildConfiguration section */

/* Begin XCConfigurationList section */
		00CDF12E17F474EC003065F6 /* Build configuration list for PBXProject "Letter Go" */ = {
			isa = XCConfigurationList;
			buildConfigurations = (
				00CDF16A17F474EC003065F6 /* Debug */,
				00CDF16B17F474EC003065F6 /* Release */,
			);
			defaultConfigurationIsVisible = 0;
			defaultConfigurationName = Release;
		};
		00CDF16C17F474EC003065F6 /* Build configuration list for PBXNativeTarget "Letter Go" */ = {
			isa = XCConfigurationList;
			buildConfigurations = (
				00CDF16D17F474EC003065F6 /* Debug */,
				00CDF16E17F474EC003065F6 /* Release */,
			);
			defaultConfigurationIsVisible = 0;
			defaultConfigurationName = Release;
		};
		00CDF16F17F474EC003065F6 /* Build configuration list for PBXNativeTarget "Letter GoTests" */ = {
			isa = XCConfigurationList;
			buildConfigurations = (
				00CDF17017F474EC003065F6 /* Debug */,
				00CDF17117F474EC003065F6 /* Release */,
			);
			defaultConfigurationIsVisible = 0;
			defaultConfigurationName = Release;
		};
		A877E5C7185BF8C30028CFFA /* Build configuration list for PBXNativeTarget "Letter Go Tests" */ = {
			isa = XCConfigurationList;
			buildConfigurations = (
				A877E5C8185BF8C30028CFFA /* Debug */,
				A877E5C9185BF8C30028CFFA /* Release */,
			);
			defaultConfigurationIsVisible = 0;
			defaultConfigurationName = Release;
		};
/* End XCConfigurationList section */
	};
	rootObject = 00CDF12B17F474EC003065F6 /* Project object */;
}
